
Microsoft Visual Studio Solution File, Format Version 12.00
# Visual Studio 15
VisualStudioVersion = 15.0.28307.1022
MinimumVisualStudioVersion = 10.0.40219.1
Project("{FAE04EC0-301F-11D3-BF4B-00C04F79EFBC}") = "Zadatak_1", "Zadatak_1\Zadatak_1.csproj", "{E40B8EDD-46AC-4B7E-B9F4-2AF1DEC8FE58}"
EndProject
Global
	GlobalSection(SolutionConfigurationPlatforms) = preSolution
		Debug|Any CPU = Debug|Any CPU
		Release|Any CPU = Release|Any CPU
	EndGlobalSection
	GlobalSection(ProjectConfigurationPlatforms) = postSolution
		{E40B8EDD-46AC-4B7E-B9F4-2AF1DEC8FE58}.Debug|Any CPU.ActiveCfg = Debug|Any CPU
		{E40B8EDD-46AC-4B7E-B9F4-2AF1DEC8FE58}.Debug|Any CPU.Build.0 = Debug|Any CPU
		{E40B8EDD-46AC-4B7E-B9F4-2AF1DEC8FE58}.Release|Any CPU.ActiveCfg = Release|Any CPU
		{E40B8EDD-46AC-4B7E-B9F4-2AF1DEC8FE58}.Release|Any CPU.Build.0 = Release|Any CPU
	EndGlobalSection
	GlobalSection(SolutionProperties) = preSolution
		HideSolutionNode = FALSE
	EndGlobalSection
	GlobalSection(ExtensibilityGlobals) = postSolution
		SolutionGuid = {E6B2E1B2-056B-457D-A125-B2EFC69EE64E}
	EndGlobalSection
EndGlobal
